// !$*UTF8*$!
{
	archiveVersion = 1;
	classes = {
	};
	objectVersion = 46;
	objects = {

/* Begin PBXBuildFile section */
		77BE15AF18AE03340010B72D /* Foundation.framework in Frameworks */ = {isa = PBXBuildFile; fileRef = 77BE15AE18AE03340010B72D /* Foundation.framework */; };
		77BE15B118AE03340010B72D /* CoreGraphics.framework in Frameworks */ = {isa = PBXBuildFile; fileRef = 77BE15B018AE03340010B72D /* CoreGraphics.framework */; };
		77BE15B318AE03340010B72D /* UIKit.framework in Frameworks */ = {isa = PBXBuildFile; fileRef = 77BE15B218AE03340010B72D /* UIKit.framework */; };
		77BE15B918AE03340010B72D /* InfoPlist.strings in Resources */ = {isa = PBXBuildFile; fileRef = 77BE15B718AE03340010B72D /* InfoPlist.strings */; };
		77BE15BB18AE03340010B72D /* main.m in Sources */ = {isa = PBXBuildFile; fileRef = 77BE15BA18AE03340010B72D /* main.m */; };
		77BE15BF18AE03340010B72D /* AppDelegate.m in Sources */ = {isa = PBXBuildFile; fileRef = 77BE15BE18AE03340010B72D /* AppDelegate.m */; };
		77BE15C118AE03340010B72D /* Images.xcassets in Resources */ = {isa = PBXBuildFile; fileRef = 77BE15C018AE03340010B72D /* Images.xcassets */; };
		77BE15C818AE03340010B72D /* XCTest.framework in Frameworks */ = {isa = PBXBuildFile; fileRef = 77BE15C718AE03340010B72D /* XCTest.framework */; };
		77BE15C918AE03340010B72D /* Foundation.framework in Frameworks */ = {isa = PBXBuildFile; fileRef = 77BE15AE18AE03340010B72D /* Foundation.framework */; };
		77BE15CA18AE03340010B72D /* UIKit.framework in Frameworks */ = {isa = PBXBuildFile; fileRef = 77BE15B218AE03340010B72D /* UIKit.framework */; };
		77BE15D218AE03350010B72D /* InfoPlist.strings in Resources */ = {isa = PBXBuildFile; fileRef = 77BE15D018AE03350010B72D /* InfoPlist.strings */; };
		77BE15D418AE03350010B72D /* myListTests.m in Sources */ = {isa = PBXBuildFile; fileRef = 77BE15D318AE03350010B72D /* myListTests.m */; };
		77BE15E518AE128A0010B72D /* BaseListViewController.m in Sources */ = {isa = PBXBuildFile; fileRef = 77BE15E418AE128A0010B72D /* BaseListViewController.m */; };
		77BE15E818AE12B10010B72D /* MyListViewController.m in Sources */ = {isa = PBXBuildFile; fileRef = 77BE15E718AE12B10010B72D /* MyListViewController.m */; };
		77BE15EB18AE12D50010B72D /* ListDetailViewController.m in Sources */ = {isa = PBXBuildFile; fileRef = 77BE15EA18AE12D50010B72D /* ListDetailViewController.m */; };
		77BE15F118AE22090010B72D /* MyListDelegate.m in Sources */ = {isa = PBXBuildFile; fileRef = 77BE15F018AE22090010B72D /* MyListDelegate.m */; };
		77BE15F418AE2D1A0010B72D /* MyRecommendedListDelegate.m in Sources */ = {isa = PBXBuildFile; fileRef = 77BE15F318AE2D1A0010B72D /* MyRecommendedListDelegate.m */; };
		77BE15F618AE3FFD0010B72D /* headerPic.png in Resources */ = {isa = PBXBuildFile; fileRef = 77BE15F518AE3FFD0010B72D /* headerPic.png */; };
		77BE15F918AE41900010B72D /* TableHeaderView.m in Sources */ = {isa = PBXBuildFile; fileRef = 77BE15F818AE41900010B72D /* TableHeaderView.m */; };
		77BE15FC18AE50AD0010B72D /* ListModel.m in Sources */ = {isa = PBXBuildFile; fileRef = 77BE15FB18AE50AD0010B72D /* ListModel.m */; };
		77BE15FF18AE50D60010B72D /* ItemModel.m in Sources */ = {isa = PBXBuildFile; fileRef = 77BE15FE18AE50D60010B72D /* ItemModel.m */; };
		77BE160218AE50EF0010B72D /* LocationModel.m in Sources */ = {isa = PBXBuildFile; fileRef = 77BE160118AE50EF0010B72D /* LocationModel.m */; };
		77BE160518AE5D230010B72D /* DataSourceManager.m in Sources */ = {isa = PBXBuildFile; fileRef = 77BE160418AE5D230010B72D /* DataSourceManager.m */; };
/* End PBXBuildFile section */

/* Begin PBXContainerItemProxy section */
		77BE15CB18AE03340010B72D /* PBXContainerItemProxy */ = {
			isa = PBXContainerItemProxy;
			containerPortal = 77BE15A318AE03340010B72D /* Project object */;
			proxyType = 1;
			remoteGlobalIDString = 77BE15AA18AE03340010B72D;
			remoteInfo = myList;
		};
/* End PBXContainerItemProxy section */

/* Begin PBXFileReference section */
		77BE15AB18AE03340010B72D /* myList.app */ = {isa = PBXFileReference; explicitFileType = wrapper.application; includeInIndex = 0; path = myList.app; sourceTree = BUILT_PRODUCTS_DIR; };
		77BE15AE18AE03340010B72D /* Foundation.framework */ = {isa = PBXFileReference; lastKnownFileType = wrapper.framework; name = Foundation.framework; path = System/Library/Frameworks/Foundation.framework; sourceTree = SDKROOT; };
		77BE15B018AE03340010B72D /* CoreGraphics.framework */ = {isa = PBXFileReference; lastKnownFileType = wrapper.framework; name = CoreGraphics.framework; path = System/Library/Frameworks/CoreGraphics.framework; sourceTree = SDKROOT; };
		77BE15B218AE03340010B72D /* UIKit.framework */ = {isa = PBXFileReference; lastKnownFileType = wrapper.framework; name = UIKit.framework; path = System/Library/Frameworks/UIKit.framework; sourceTree = SDKROOT; };
		77BE15B618AE03340010B72D /* myList-Info.plist */ = {isa = PBXFileReference; lastKnownFileType = text.plist.xml; path = "myList-Info.plist"; sourceTree = "<group>"; };
		77BE15B818AE03340010B72D /* en */ = {isa = PBXFileReference; lastKnownFileType = text.plist.strings; name = en; path = en.lproj/InfoPlist.strings; sourceTree = "<group>"; };
		77BE15BA18AE03340010B72D /* main.m */ = {isa = PBXFileReference; lastKnownFileType = sourcecode.c.objc; path = main.m; sourceTree = "<group>"; };
		77BE15BC18AE03340010B72D /* myList-Prefix.pch */ = {isa = PBXFileReference; lastKnownFileType = sourcecode.c.h; path = "myList-Prefix.pch"; sourceTree = "<group>"; };
		77BE15BD18AE03340010B72D /* AppDelegate.h */ = {isa = PBXFileReference; lastKnownFileType = sourcecode.c.h; path = AppDelegate.h; sourceTree = "<group>"; };
		77BE15BE18AE03340010B72D /* AppDelegate.m */ = {isa = PBXFileReference; lastKnownFileType = sourcecode.c.objc; path = AppDelegate.m; sourceTree = "<group>"; };
		77BE15C018AE03340010B72D /* Images.xcassets */ = {isa = PBXFileReference; lastKnownFileType = folder.assetcatalog; path = Images.xcassets; sourceTree = "<group>"; };
		77BE15C618AE03340010B72D /* myListTests.xctest */ = {isa = PBXFileReference; explicitFileType = wrapper.cfbundle; includeInIndex = 0; path = myListTests.xctest; sourceTree = BUILT_PRODUCTS_DIR; };
		77BE15C718AE03340010B72D /* XCTest.framework */ = {isa = PBXFileReference; lastKnownFileType = wrapper.framework; name = XCTest.framework; path = Library/Frameworks/XCTest.framework; sourceTree = DEVELOPER_DIR; };
		77BE15CF18AE03350010B72D /* myListTests-Info.plist */ = {isa = PBXFileReference; lastKnownFileType = text.plist.xml; path = "myListTests-Info.plist"; sourceTree = "<group>"; };
		77BE15D118AE03350010B72D /* en */ = {isa = PBXFileReference; lastKnownFileType = text.plist.strings; name = en; path = en.lproj/InfoPlist.strings; sourceTree = "<group>"; };
		77BE15D318AE03350010B72D /* myListTests.m */ = {isa = PBXFileReference; lastKnownFileType = sourcecode.c.objc; path = myListTests.m; sourceTree = "<group>"; };
		77BE15E318AE128A0010B72D /* BaseListViewController.h */ = {isa = PBXFileReference; fileEncoding = 4; lastKnownFileType = sourcecode.c.h; name = BaseListViewController.h; path = Base/BaseListViewController.h; sourceTree = "<group>"; };
		77BE15E418AE128A0010B72D /* BaseListViewController.m */ = {isa = PBXFileReference; fileEncoding = 4; lastKnownFileType = sourcecode.c.objc; name = BaseListViewController.m; path = Base/BaseListViewController.m; sourceTree = "<group>"; };
		77BE15E618AE12B10010B72D /* MyListViewController.h */ = {isa = PBXFileReference; fileEncoding = 4; lastKnownFileType = sourcecode.c.h; name = MyListViewController.h; path = Lists/MyListViewController.h; sourceTree = "<group>"; };
		77BE15E718AE12B10010B72D /* MyListViewController.m */ = {isa = PBXFileReference; fileEncoding = 4; lastKnownFileType = sourcecode.c.objc; name = MyListViewController.m; path = Lists/MyListViewController.m; sourceTree = "<group>"; };
		77BE15E918AE12D50010B72D /* ListDetailViewController.h */ = {isa = PBXFileReference; fileEncoding = 4; lastKnownFileType = sourcecode.c.h; name = ListDetailViewController.h; path = Lists/ListDetailViewController.h; sourceTree = "<group>"; };
		77BE15EA18AE12D50010B72D /* ListDetailViewController.m */ = {isa = PBXFileReference; fileEncoding = 4; lastKnownFileType = sourcecode.c.objc; name = ListDetailViewController.m; path = Lists/ListDetailViewController.m; sourceTree = "<group>"; };
		77BE15EF18AE22090010B72D /* MyListDelegate.h */ = {isa = PBXFileReference; fileEncoding = 4; lastKnownFileType = sourcecode.c.h; name = MyListDelegate.h; path = Lists/Manager/MyListDelegate.h; sourceTree = "<group>"; };
		77BE15F018AE22090010B72D /* MyListDelegate.m */ = {isa = PBXFileReference; fileEncoding = 4; lastKnownFileType = sourcecode.c.objc; name = MyListDelegate.m; path = Lists/Manager/MyListDelegate.m; sourceTree = "<group>"; };
		77BE15F218AE2D1A0010B72D /* MyRecommendedListDelegate.h */ = {isa = PBXFileReference; fileEncoding = 4; lastKnownFileType = sourcecode.c.h; name = MyRecommendedListDelegate.h; path = Lists/Manager/MyRecommendedListDelegate.h; sourceTree = "<group>"; };
		77BE15F318AE2D1A0010B72D /* MyRecommendedListDelegate.m */ = {isa = PBXFileReference; fileEncoding = 4; lastKnownFileType = sourcecode.c.objc; name = MyRecommendedListDelegate.m; path = Lists/Manager/MyRecommendedListDelegate.m; sourceTree = "<group>"; };
		77BE15F518AE3FFD0010B72D /* headerPic.png */ = {isa = PBXFileReference; lastKnownFileType = image.png; path = headerPic.png; sourceTree = "<group>"; };
		77BE15F718AE41900010B72D /* TableHeaderView.h */ = {isa = PBXFileReference; fileEncoding = 4; lastKnownFileType = sourcecode.c.h; name = TableHeaderView.h; path = View/TableHeaderView.h; sourceTree = "<group>"; };
		77BE15F818AE41900010B72D /* TableHeaderView.m */ = {isa = PBXFileReference; fileEncoding = 4; lastKnownFileType = sourcecode.c.objc; name = TableHeaderView.m; path = View/TableHeaderView.m; sourceTree = "<group>"; };
		77BE15FA18AE50AD0010B72D /* ListModel.h */ = {isa = PBXFileReference; fileEncoding = 4; lastKnownFileType = sourcecode.c.h; name = ListModel.h; path = Core/Model/ListModel.h; sourceTree = "<group>"; };
		77BE15FB18AE50AD0010B72D /* ListModel.m */ = {isa = PBXFileReference; fileEncoding = 4; lastKnownFileType = sourcecode.c.objc; name = ListModel.m; path = Core/Model/ListModel.m; sourceTree = "<group>"; };
		77BE15FD18AE50D60010B72D /* ItemModel.h */ = {isa = PBXFileReference; fileEncoding = 4; lastKnownFileType = sourcecode.c.h; name = ItemModel.h; path = Core/Model/ItemModel.h; sourceTree = "<group>"; };
		77BE15FE18AE50D60010B72D /* ItemModel.m */ = {isa = PBXFileReference; fileEncoding = 4; lastKnownFileType = sourcecode.c.objc; name = ItemModel.m; path = Core/Model/ItemModel.m; sourceTree = "<group>"; };
		77BE160018AE50EF0010B72D /* LocationModel.h */ = {isa = PBXFileReference; fileEncoding = 4; lastKnownFileType = sourcecode.c.h; name = LocationModel.h; path = Core/Model/LocationModel.h; sourceTree = "<group>"; };
		77BE160118AE50EF0010B72D /* LocationModel.m */ = {isa = PBXFileReference; fileEncoding = 4; lastKnownFileType = sourcecode.c.objc; name = LocationModel.m; path = Core/Model/LocationModel.m; sourceTree = "<group>"; };
		77BE160318AE5D230010B72D /* DataSourceManager.h */ = {isa = PBXFileReference; fileEncoding = 4; lastKnownFileType = sourcecode.c.h; name = DataSourceManager.h; path = Manager/DataSourceManager.h; sourceTree = "<group>"; };
		77BE160418AE5D230010B72D /* DataSourceManager.m */ = {isa = PBXFileReference; fileEncoding = 4; lastKnownFileType = sourcecode.c.objc; name = DataSourceManager.m; path = Manager/DataSourceManager.m; sourceTree = "<group>"; };
/* End PBXFileReference section */

/* Begin PBXFrameworksBuildPhase section */
		77BE15A818AE03340010B72D /* Frameworks */ = {
			isa = PBXFrameworksBuildPhase;
			buildActionMask = 2147483647;
			files = (
				77BE15B118AE03340010B72D /* CoreGraphics.framework in Frameworks */,
				77BE15B318AE03340010B72D /* UIKit.framework in Frameworks */,
				77BE15AF18AE03340010B72D /* Foundation.framework in Frameworks */,
			);
			runOnlyForDeploymentPostprocessing = 0;
		};
		77BE15C318AE03340010B72D /* Frameworks */ = {
			isa = PBXFrameworksBuildPhase;
			buildActionMask = 2147483647;
			files = (
				77BE15C818AE03340010B72D /* XCTest.framework in Frameworks */,
				77BE15CA18AE03340010B72D /* UIKit.framework in Frameworks */,
				77BE15C918AE03340010B72D /* Foundation.framework in Frameworks */,
			);
			runOnlyForDeploymentPostprocessing = 0;
		};
/* End PBXFrameworksBuildPhase section */

/* Begin PBXGroup section */
		77BE15A218AE03340010B72D = {
			isa = PBXGroup;
			children = (
				77BE15B418AE03340010B72D /* myList */,
				77BE15CD18AE03340010B72D /* myListTests */,
				77BE15AD18AE03340010B72D /* Frameworks */,
				77BE15AC18AE03340010B72D /* Products */,
			);
			sourceTree = "<group>";
		};
		77BE15AC18AE03340010B72D /* Products */ = {
			isa = PBXGroup;
			children = (
				77BE15AB18AE03340010B72D /* myList.app */,
				77BE15C618AE03340010B72D /* myListTests.xctest */,
			);
			name = Products;
			sourceTree = "<group>";
		};
		77BE15AD18AE03340010B72D /* Frameworks */ = {
			isa = PBXGroup;
			children = (
				77BE15AE18AE03340010B72D /* Foundation.framework */,
				77BE15B018AE03340010B72D /* CoreGraphics.framework */,
				77BE15B218AE03340010B72D /* UIKit.framework */,
				77BE15C718AE03340010B72D /* XCTest.framework */,
			);
			name = Frameworks;
			sourceTree = "<group>";
		};
		77BE15B418AE03340010B72D /* myList */ = {
			isa = PBXGroup;
			children = (
				77BE15F518AE3FFD0010B72D /* headerPic.png */,
				77BE15E218AE12460010B72D /* Base */,
				77BE15E118AE10F90010B72D /* Lists */,
				77BE15DE18AE10550010B72D /* Core */,
				77BE15DD18AE103D0010B72D /* Main */,
				77BE15C018AE03340010B72D /* Images.xcassets */,
				77BE15B518AE03340010B72D /* Supporting Files */,
			);
			path = myList;
			sourceTree = "<group>";
		};
		77BE15B518AE03340010B72D /* Supporting Files */ = {
			isa = PBXGroup;
			children = (
				77BE15B618AE03340010B72D /* myList-Info.plist */,
				77BE15B718AE03340010B72D /* InfoPlist.strings */,
				77BE15BA18AE03340010B72D /* main.m */,
				77BE15BC18AE03340010B72D /* myList-Prefix.pch */,
			);
			name = "Supporting Files";
			sourceTree = "<group>";
		};
		77BE15CD18AE03340010B72D /* myListTests */ = {
			isa = PBXGroup;
			children = (
				77BE15D318AE03350010B72D /* myListTests.m */,
				77BE15CE18AE03350010B72D /* Supporting Files */,
			);
			path = myListTests;
			sourceTree = "<group>";
		};
		77BE15CE18AE03350010B72D /* Supporting Files */ = {
			isa = PBXGroup;
			children = (
				77BE15CF18AE03350010B72D /* myListTests-Info.plist */,
				77BE15D018AE03350010B72D /* InfoPlist.strings */,
			);
			name = "Supporting Files";
			sourceTree = "<group>";
		};
		77BE15DD18AE103D0010B72D /* Main */ = {
			isa = PBXGroup;
			children = (
				77BE15BD18AE03340010B72D /* AppDelegate.h */,
				77BE15BE18AE03340010B72D /* AppDelegate.m */,
			);
			name = Main;
			sourceTree = "<group>";
		};
		77BE15DE18AE10550010B72D /* Core */ = {
			isa = PBXGroup;
			children = (
				77BE15E018AE10970010B72D /* Manager */,
				77BE15DF18AE108E0010B72D /* Model */,
			);
			name = Core;
			sourceTree = "<group>";
		};
		77BE15DF18AE108E0010B72D /* Model */ = {
			isa = PBXGroup;
			children = (
				77BE15FA18AE50AD0010B72D /* ListModel.h */,
				77BE15FB18AE50AD0010B72D /* ListModel.m */,
				77BE15FD18AE50D60010B72D /* ItemModel.h */,
				77BE15FE18AE50D60010B72D /* ItemModel.m */,
				77BE160018AE50EF0010B72D /* LocationModel.h */,
				77BE160118AE50EF0010B72D /* LocationModel.m */,
			);
			name = Model;
			sourceTree = "<group>";
		};
		77BE15E018AE10970010B72D /* Manager */ = {
			isa = PBXGroup;
			children = (
				77BE160318AE5D230010B72D /* DataSourceManager.h */,
				77BE160418AE5D230010B72D /* DataSourceManager.m */,
			);
			name = Manager;
			sourceTree = "<group>";
		};
		77BE15E118AE10F90010B72D /* Lists */ = {
			isa = PBXGroup;
			children = (
				77BE15EE18AE21CF0010B72D /* Manager */,
				77BE15E618AE12B10010B72D /* MyListViewController.h */,
				77BE15E718AE12B10010B72D /* MyListViewController.m */,
				77BE15E918AE12D50010B72D /* ListDetailViewController.h */,
				77BE15EA18AE12D50010B72D /* ListDetailViewController.m */,
			);
			name = Lists;
			sourceTree = "<group>";
		};
		77BE15E218AE12460010B72D /* Base */ = {
			isa = PBXGroup;
			children = (
				77BE15ED18AE1FF80010B72D /* ViewController */,
				77BE15EC18AE1FDE0010B72D /* View */,
			);
			name = Base;
			sourceTree = "<group>";
		};
		77BE15EC18AE1FDE0010B72D /* View */ = {
			isa = PBXGroup;
			children = (
				77BE15F718AE41900010B72D /* TableHeaderView.h */,
				77BE15F818AE41900010B72D /* TableHeaderView.m */,
			);
			name = View;
			sourceTree = "<group>";
		};
		77BE15ED18AE1FF80010B72D /* ViewController */ = {
			isa = PBXGroup;
			children = (
				77BE15E318AE128A0010B72D /* BaseListViewController.h */,
				77BE15E418AE128A0010B72D /* BaseListViewController.m */,
			);
			name = ViewController;
			sourceTree = "<group>";
		};
		77BE15EE18AE21CF0010B72D /* Manager */ = {
			isa = PBXGroup;
			children = (
				77BE15EF18AE22090010B72D /* MyListDelegate.h */,
				77BE15F018AE22090010B72D /* MyListDelegate.m */,
				77BE15F218AE2D1A0010B72D /* MyRecommendedListDelegate.h */,
				77BE15F318AE2D1A0010B72D /* MyRecommendedListDelegate.m */,
			);
			name = Manager;
			sourceTree = "<group>";
		};
/* End PBXGroup section */

/* Begin PBXNativeTarget section */
		77BE15AA18AE03340010B72D /* myList */ = {
			isa = PBXNativeTarget;
			buildConfigurationList = 77BE15D718AE03350010B72D /* Build configuration list for PBXNativeTarget "myList" */;
			buildPhases = (
				77BE15A718AE03340010B72D /* Sources */,
				77BE15A818AE03340010B72D /* Frameworks */,
				77BE15A918AE03340010B72D /* Resources */,
			);
			buildRules = (
			);
			dependencies = (
			);
			name = myList;
			productName = myList;
			productReference = 77BE15AB18AE03340010B72D /* myList.app */;
			productType = "com.apple.product-type.application";
		};
		77BE15C518AE03340010B72D /* myListTests */ = {
			isa = PBXNativeTarget;
			buildConfigurationList = 77BE15DA18AE03350010B72D /* Build configuration list for PBXNativeTarget "myListTests" */;
			buildPhases = (
				77BE15C218AE03340010B72D /* Sources */,
				77BE15C318AE03340010B72D /* Frameworks */,
				77BE15C418AE03340010B72D /* Resources */,
			);
			buildRules = (
			);
			dependencies = (
				77BE15CC18AE03340010B72D /* PBXTargetDependency */,
			);
			name = myListTests;
			productName = myListTests;
			productReference = 77BE15C618AE03340010B72D /* myListTests.xctest */;
			productType = "com.apple.product-type.bundle.unit-test";
		};
/* End PBXNativeTarget section */

/* Begin PBXProject section */
		77BE15A318AE03340010B72D /* Project object */ = {
			isa = PBXProject;
			attributes = {
				LastUpgradeCheck = 0500;
				ORGANIZATIONNAME = "Frank Regel";
				TargetAttributes = {
					77BE15C518AE03340010B72D = {
						TestTargetID = 77BE15AA18AE03340010B72D;
					};
				};
			};
			buildConfigurationList = 77BE15A618AE03340010B72D /* Build configuration list for PBXProject "myList" */;
			compatibilityVersion = "Xcode 3.2";
			developmentRegion = English;
			hasScannedForEncodings = 0;
			knownRegions = (
				en,
			);
			mainGroup = 77BE15A218AE03340010B72D;
			productRefGroup = 77BE15AC18AE03340010B72D /* Products */;
			projectDirPath = "";
			projectRoot = "";
			targets = (
				77BE15AA18AE03340010B72D /* myList */,
				77BE15C518AE03340010B72D /* myListTests */,
			);
		};
/* End PBXProject section */

/* Begin PBXResourcesBuildPhase section */
		77BE15A918AE03340010B72D /* Resources */ = {
			isa = PBXResourcesBuildPhase;
			buildActionMask = 2147483647;
			files = (
				77BE15B918AE03340010B72D /* InfoPlist.strings in Resources */,
				77BE15C118AE03340010B72D /* Images.xcassets in Resources */,
				77BE15F618AE3FFD0010B72D /* headerPic.png in Resources */,
			);
			runOnlyForDeploymentPostprocessing = 0;
		};
		77BE15C418AE03340010B72D /* Resources */ = {
			isa = PBXResourcesBuildPhase;
			buildActionMask = 2147483647;
			files = (
				77BE15D218AE03350010B72D /* InfoPlist.strings in Resources */,
			);
			runOnlyForDeploymentPostprocessing = 0;
		};
/* End PBXResourcesBuildPhase section */

/* Begin PBXSourcesBuildPhase section */
		77BE15A718AE03340010B72D /* Sources */ = {
			isa = PBXSourcesBuildPhase;
			buildActionMask = 2147483647;
			files = (
				77BE15F918AE41900010B72D /* TableHeaderView.m in Sources */,
				77BE15BF18AE03340010B72D /* AppDelegate.m in Sources */,
				77BE15F418AE2D1A0010B72D /* MyRecommendedListDelegate.m in Sources */,
				77BE15E518AE128A0010B72D /* BaseListViewController.m in Sources */,
				77BE15E818AE12B10010B72D /* MyListViewController.m in Sources */,
				77BE15EB18AE12D50010B72D /* ListDetailViewController.m in Sources */,
				77BE15FF18AE50D60010B72D /* ItemModel.m in Sources */,
				77BE15FC18AE50AD0010B72D /* ListModel.m in Sources */,
				77BE160518AE5D230010B72D /* DataSourceManager.m in Sources */,
				77BE15F118AE22090010B72D /* MyListDelegate.m in Sources */,
				77BE15BB18AE03340010B72D /* main.m in Sources */,
				77BE160218AE50EF0010B72D /* LocationModel.m in Sources */,
			);
			runOnlyForDeploymentPostprocessing = 0;
		};
		77BE15C218AE03340010B72D /* Sources */ = {
			isa = PBXSourcesBuildPhase;
			buildActionMask = 2147483647;
			files = (
				77BE15D418AE03350010B72D /* myListTests.m in Sources */,
			);
			runOnlyForDeploymentPostprocessing = 0;
		};
/* End PBXSourcesBuildPhase section */

/* Begin PBXTargetDependency section */
		77BE15CC18AE03340010B72D /* PBXTargetDependency */ = {
			isa = PBXTargetDependency;
			target = 77BE15AA18AE03340010B72D /* myList */;
			targetProxy = 77BE15CB18AE03340010B72D /* PBXContainerItemProxy */;
		};
/* End PBXTargetDependency section */

/* Begin PBXVariantGroup section */
		77BE15B718AE03340010B72D /* InfoPlist.strings */ = {
			isa = PBXVariantGroup;
			children = (
				77BE15B818AE03340010B72D /* en */,
			);
			name = InfoPlist.strings;
			sourceTree = "<group>";
		};
		77BE15D018AE03350010B72D /* InfoPlist.strings */ = {
			isa = PBXVariantGroup;
			children = (
				77BE15D118AE03350010B72D /* en */,
			);
			name = InfoPlist.strings;
			sourceTree = "<group>";
		};
/* End PBXVariantGroup section */

/* Begin XCBuildConfiguration section */
		77BE15D518AE03350010B72D /* Debug */ = {
			isa = XCBuildConfiguration;
			buildSettings = {
				ALWAYS_SEARCH_USER_PATHS = NO;
				ARCHS = "$(ARCHS_STANDARD_INCLUDING_64_BIT)";
				CLANG_CXX_LANGUAGE_STANDARD = "gnu++0x";
				CLANG_CXX_LIBRARY = "libc++";
				CLANG_ENABLE_MODULES = YES;
				CLANG_ENABLE_OBJC_ARC = YES;
				CLANG_WARN_BOOL_CONVERSION = YES;
				CLANG_WARN_CONSTANT_CONVERSION = YES;
				CLANG_WARN_DIRECT_OBJC_ISA_USAGE = YES_ERROR;
				CLANG_WARN_EMPTY_BODY = YES;
				CLANG_WARN_ENUM_CONVERSION = YES;
				CLANG_WARN_INT_CONVERSION = YES;
				CLANG_WARN_OBJC_ROOT_CLASS = YES_ERROR;
				CLANG_WARN__DUPLICATE_METHOD_MATCH = YES;
				"CODE_SIGN_IDENTITY[sdk=iphoneos*]" = "iPhone Developer";
				COPY_PHASE_STRIP = NO;
				GCC_C_LANGUAGE_STANDARD = gnu99;
				GCC_DYNAMIC_NO_PIC = NO;
				GCC_OPTIMIZATION_LEVEL = 0;
				GCC_PREPROCESSOR_DEFINITIONS = (
					"DEBUG=1",
					"$(inherited)",
				);
				GCC_SYMBOLS_PRIVATE_EXTERN = NO;
				GCC_WARN_64_TO_32_BIT_CONVERSION = YES;
				GCC_WARN_ABOUT_RETURN_TYPE = YES_ERROR;
				GCC_WARN_UNDECLARED_SELECTOR = YES;
				GCC_WARN_UNINITIALIZED_AUTOS = YES;
				GCC_WARN_UNUSED_FUNCTION = YES;
				GCC_WARN_UNUSED_VARIABLE = YES;
				IPHONEOS_DEPLOYMENT_TARGET = 7.0;
				ONLY_ACTIVE_ARCH = YES;
				SDKROOT = iphoneos;
			};
			name = Debug;
		};
		77BE15D618AE03350010B72D /* Release */ = {
			isa = XCBuildConfiguration;
			buildSettings = {
				ALWAYS_SEARCH_USER_PATHS = NO;
				ARCHS = "$(ARCHS_STANDARD_INCLUDING_64_BIT)";
				CLANG_CXX_LANGUAGE_STANDARD = "gnu++0x";
				CLANG_CXX_LIBRARY = "libc++";
				CLANG_ENABLE_MODULES = YES;
				CLANG_ENABLE_OBJC_ARC = YES;
				CLANG_WARN_BOOL_CONVERSION = YES;
				CLANG_WARN_CONSTANT_CONVERSION = YES;
				CLANG_WARN_DIRECT_OBJC_ISA_USAGE = YES_ERROR;
				CLANG_WARN_EMPTY_BODY = YES;
				CLANG_WARN_ENUM_CONVERSION = YES;
				CLANG_WARN_INT_CONVERSION = YES;
				CLANG_WARN_OBJC_ROOT_CLASS = YES_ERROR;
				CLANG_WARN__DUPLICATE_METHOD_MATCH = YES;
				"CODE_SIGN_IDENTITY[sdk=iphoneos*]" = "iPhone Developer";
				COPY_PHASE_STRIP = YES;
				ENABLE_NS_ASSERTIONS = NO;
				GCC_C_LANGUAGE_STANDARD = gnu99;
				GCC_WARN_64_TO_32_BIT_CONVERSION = YES;
				GCC_WARN_ABOUT_RETURN_TYPE = YES_ERROR;
				GCC_WARN_UNDECLARED_SELECTOR = YES;
				GCC_WARN_UNINITIALIZED_AUTOS = YES;
				GCC_WARN_UNUSED_FUNCTION = YES;
				GCC_WARN_UNUSED_VARIABLE = YES;
				IPHONEOS_DEPLOYMENT_TARGET = 7.0;
				SDKROOT = iphoneos;
				VALIDATE_PRODUCT = YES;
			};
			name = Release;
		};
		77BE15D818AE03350010B72D /* Debug */ = {
			isa = XCBuildConfiguration;
			buildSettings = {
				ASSETCATALOG_COMPILER_APPICON_NAME = AppIcon;
				ASSETCATALOG_COMPILER_LAUNCHIMAGE_NAME = LaunchImage;
				GCC_PRECOMPILE_PREFIX_HEADER = YES;
				GCC_PREFIX_HEADER = "myList/myList-Prefix.pch";
				INFOPLIST_FILE = "myList/myList-Info.plist";
				PRODUCT_NAME = "$(TARGET_NAME)";
				WRAPPER_EXTENSION = app;
			};
			name = Debug;
		};
		77BE15D918AE03350010B72D /* Release */ = {
			isa = XCBuildConfiguration;
			buildSettings = {
				ASSETCATALOG_COMPILER_APPICON_NAME = AppIcon;
				ASSETCATALOG_COMPILER_LAUNCHIMAGE_NAME = LaunchImage;
				GCC_PRECOMPILE_PREFIX_HEADER = YES;
				GCC_PREFIX_HEADER = "myList/myList-Prefix.pch";
				INFOPLIST_FILE = "myList/myList-Info.plist";
				PRODUCT_NAME = "$(TARGET_NAME)";
				WRAPPER_EXTENSION = app;
			};
			name = Release;
		};
		77BE15DB18AE03350010B72D /* Debug */ = {
			isa = XCBuildConfiguration;
			buildSettings = {
				ARCHS = "$(ARCHS_STANDARD_INCLUDING_64_BIT)";
				BUNDLE_LOADER = "$(BUILT_PRODUCTS_DIR)/myList.app/myList";
				FRAMEWORK_SEARCH_PATHS = (
					"$(SDKROOT)/Developer/Library/Frameworks",
					"$(inherited)",
					"$(DEVELOPER_FRAMEWORKS_DIR)",
				);
				GCC_PRECOMPILE_PREFIX_HEADER = YES;
				GCC_PREFIX_HEADER = "myList/myList-Prefix.pch";
				GCC_PREPROCESSOR_DEFINITIONS = (
					"DEBUG=1",
					"$(inherited)",
				);
				INFOPLIST_FILE = "myListTests/myListTests-Info.plist";
				PRODUCT_NAME = "$(TARGET_NAME)";
				TEST_HOST = "$(BUNDLE_LOADER)";
				WRAPPER_EXTENSION = xctest;
			};
			name = Debug;
		};
		77BE15DC18AE03350010B72D /* Release */ = {
			isa = XCBuildConfiguration;
			buildSettings = {
				ARCHS = "$(ARCHS_STANDARD_INCLUDING_64_BIT)";
				BUNDLE_LOADER = "$(BUILT_PRODUCTS_DIR)/myList.app/myList";
				FRAMEWORK_SEARCH_PATHS = (
					"$(SDKROOT)/Developer/Library/Frameworks",
					"$(inherited)",
					"$(DEVELOPER_FRAMEWORKS_DIR)",
				);
				GCC_PRECOMPILE_PREFIX_HEADER = YES;
				GCC_PREFIX_HEADER = "myList/myList-Prefix.pch";
				INFOPLIST_FILE = "myListTests/myListTests-Info.plist";
				PRODUCT_NAME = "$(TARGET_NAME)";
				TEST_HOST = "$(BUNDLE_LOADER)";
				WRAPPER_EXTENSION = xctest;
			};
			name = Release;
		};
/* End XCBuildConfiguration section */

/* Begin XCConfigurationList section */
		77BE15A618AE03340010B72D /* Build configuration list for PBXProject "myList" */ = {
			isa = XCConfigurationList;
			buildConfigurations = (
				77BE15D518AE03350010B72D /* Debug */,
				77BE15D618AE03350010B72D /* Release */,
			);
			defaultConfigurationIsVisible = 0;
			defaultConfigurationName = Release;
		};
		77BE15D718AE03350010B72D /* Build configuration list for PBXNativeTarget "myList" */ = {
			isa = XCConfigurationList;
			buildConfigurations = (
				77BE15D818AE03350010B72D /* Debug */,
				77BE15D918AE03350010B72D /* Release */,
			);
			defaultConfigurationIsVisible = 0;
		};
		77BE15DA18AE03350010B72D /* Build configuration list for PBXNativeTarget "myListTests" */ = {
			isa = XCConfigurationList;
			buildConfigurations = (
				77BE15DB18AE03350010B72D /* Debug */,
				77BE15DC18AE03350010B72D /* Release */,
			);
			defaultConfigurationIsVisible = 0;
		};
/* End XCConfigurationList section */
	};
	rootObject = 77BE15A318AE03340010B72D /* Project object */;
}
