// !$*UTF8*$!
{
	archiveVersion = 1;
	classes = {
	};
	objectVersion = 46;
	objects = {

/* Begin PBXBuildFile section */
		7742FB1318B4E66700D041CA /* RecModel.m in Sources */ = {isa = PBXBuildFile; fileRef = 7742FB1218B4E66700D041CA /* RecModel.m */; };
		7742FB1618B4EC9100D041CA /* RecDetailViewController.m in Sources */ = {isa = PBXBuildFile; fileRef = 7742FB1518B4EC9100D041CA /* RecDetailViewController.m */; };
		775466B918C71BF50015BD63 /* Localizable.strings in Resources */ = {isa = PBXBuildFile; fileRef = 775466BB18C71BF50015BD63 /* Localizable.strings */; };
		775466BE18C726540015BD63 /* altespapier.png in Resources */ = {isa = PBXBuildFile; fileRef = 775466C018C726540015BD63 /* altespapier.png */; };
		775F49F018E2D39A00B79FEF /* CoreData.framework in Frameworks */ = {isa = PBXBuildFile; fileRef = 775F49EF18E2D39A00B79FEF /* CoreData.framework */; };
		775F4A3418E2D6BA00B79FEF /* Items.m in Sources */ = {isa = PBXBuildFile; fileRef = 775F4A3318E2D6BA00B79FEF /* Items.m */; };
		775F4A3718E2D6BB00B79FEF /* Lists.m in Sources */ = {isa = PBXBuildFile; fileRef = 775F4A3618E2D6BB00B79FEF /* Lists.m */; };
		775F4A3B18E2D7C900B79FEF /* CoreDataManager.m in Sources */ = {isa = PBXBuildFile; fileRef = 775F4A3A18E2D7C900B79FEF /* CoreDataManager.m */; };
		775F4A3E18E2F65F00B79FEF /* Lists+Additions.m in Sources */ = {isa = PBXBuildFile; fileRef = 775F4A3D18E2F65F00B79FEF /* Lists+Additions.m */; };
		77B8300D18D08DA9009CE701 /* libsqlite3.0.dylib in Frameworks */ = {isa = PBXBuildFile; fileRef = 77B8300C18D08DA9009CE701 /* libsqlite3.0.dylib */; };
		77B8301018D08E64009CE701 /* DatabaseManager.m in Sources */ = {isa = PBXBuildFile; fileRef = 77B8300F18D08E64009CE701 /* DatabaseManager.m */; };
		77B8301318D09594009CE701 /* myList.db in Resources */ = {isa = PBXBuildFile; fileRef = 77B8301218D09594009CE701 /* myList.db */; };
		77BAB0AB18C737AE0086DFC7 /* customTextfield.m in Sources */ = {isa = PBXBuildFile; fileRef = 77BAB0AA18C737AE0086DFC7 /* customTextfield.m */; };
		77BAB0AE18C74AB80086DFC7 /* BasePickerView.m in Sources */ = {isa = PBXBuildFile; fileRef = 77BAB0AD18C74AB80086DFC7 /* BasePickerView.m */; };
		77BE15AF18AE03340010B72D /* Foundation.framework in Frameworks */ = {isa = PBXBuildFile; fileRef = 77BE15AE18AE03340010B72D /* Foundation.framework */; };
		77BE15B118AE03340010B72D /* CoreGraphics.framework in Frameworks */ = {isa = PBXBuildFile; fileRef = 77BE15B018AE03340010B72D /* CoreGraphics.framework */; };
		77BE15B318AE03340010B72D /* UIKit.framework in Frameworks */ = {isa = PBXBuildFile; fileRef = 77BE15B218AE03340010B72D /* UIKit.framework */; };
		77BE15B918AE03340010B72D /* InfoPlist.strings in Resources */ = {isa = PBXBuildFile; fileRef = 77BE15B718AE03340010B72D /* InfoPlist.strings */; };
		77BE15BB18AE03340010B72D /* main.m in Sources */ = {isa = PBXBuildFile; fileRef = 77BE15BA18AE03340010B72D /* main.m */; };
		77BE15BF18AE03340010B72D /* AppDelegate.m in Sources */ = {isa = PBXBuildFile; fileRef = 77BE15BE18AE03340010B72D /* AppDelegate.m */; };
		77BE15C118AE03340010B72D /* Images.xcassets in Resources */ = {isa = PBXBuildFile; fileRef = 77BE15C018AE03340010B72D /* Images.xcassets */; };
		77BE15C818AE03340010B72D /* XCTest.framework in Frameworks */ = {isa = PBXBuildFile; fileRef = 77BE15C718AE03340010B72D /* XCTest.framework */; };
		77BE15C918AE03340010B72D /* Foundation.framework in Frameworks */ = {isa = PBXBuildFile; fileRef = 77BE15AE18AE03340010B72D /* Foundation.framework */; };
		77BE15CA18AE03340010B72D /* UIKit.framework in Frameworks */ = {isa = PBXBuildFile; fileRef = 77BE15B218AE03340010B72D /* UIKit.framework */; };
		77BE15D218AE03350010B72D /* InfoPlist.strings in Resources */ = {isa = PBXBuildFile; fileRef = 77BE15D018AE03350010B72D /* InfoPlist.strings */; };
		77BE15D418AE03350010B72D /* myListTests.m in Sources */ = {isa = PBXBuildFile; fileRef = 77BE15D318AE03350010B72D /* myListTests.m */; };
		77BE15E518AE128A0010B72D /* BaseListViewController.m in Sources */ = {isa = PBXBuildFile; fileRef = 77BE15E418AE128A0010B72D /* BaseListViewController.m */; };
		77BE15E818AE12B10010B72D /* MyListViewController.m in Sources */ = {isa = PBXBuildFile; fileRef = 77BE15E718AE12B10010B72D /* MyListViewController.m */; };
		77BE15EB18AE12D50010B72D /* ListDetailViewController.m in Sources */ = {isa = PBXBuildFile; fileRef = 77BE15EA18AE12D50010B72D /* ListDetailViewController.m */; };
		77BE15F118AE22090010B72D /* MyListDelegate.m in Sources */ = {isa = PBXBuildFile; fileRef = 77BE15F018AE22090010B72D /* MyListDelegate.m */; };
		77BE15F418AE2D1A0010B72D /* MyRecommendedListDelegate.m in Sources */ = {isa = PBXBuildFile; fileRef = 77BE15F318AE2D1A0010B72D /* MyRecommendedListDelegate.m */; };
		77BE15F918AE41900010B72D /* TableHeaderView.m in Sources */ = {isa = PBXBuildFile; fileRef = 77BE15F818AE41900010B72D /* TableHeaderView.m */; };
		77BE15FC18AE50AD0010B72D /* ListModel.m in Sources */ = {isa = PBXBuildFile; fileRef = 77BE15FB18AE50AD0010B72D /* ListModel.m */; };
		77BE15FF18AE50D60010B72D /* ItemModel.m in Sources */ = {isa = PBXBuildFile; fileRef = 77BE15FE18AE50D60010B72D /* ItemModel.m */; };
		77BE160218AE50EF0010B72D /* LocationModel.m in Sources */ = {isa = PBXBuildFile; fileRef = 77BE160118AE50EF0010B72D /* LocationModel.m */; };
		77BE160518AE5D230010B72D /* DataSourceManager.m in Sources */ = {isa = PBXBuildFile; fileRef = 77BE160418AE5D230010B72D /* DataSourceManager.m */; };
		77C8C08718BE294800D1293E /* EditViewController.m in Sources */ = {isa = PBXBuildFile; fileRef = 77C8C08618BE294800D1293E /* EditViewController.m */; };
		77C8C08B18BE39F000D1293E /* EditMetaDataView.m in Sources */ = {isa = PBXBuildFile; fileRef = 77C8C08A18BE39F000D1293E /* EditMetaDataView.m */; };
		77C8C08D18BE3D0700D1293E /* QuartzCore.framework in Frameworks */ = {isa = PBXBuildFile; fileRef = 77C8C08C18BE3D0700D1293E /* QuartzCore.framework */; };
		84145D2118B8A41E00F940CF /* MapKit.framework in Frameworks */ = {isa = PBXBuildFile; fileRef = 84145D2018B8A41E00F940CF /* MapKit.framework */; };
		84145D2318B8A43200F940CF /* CoreLocation.framework in Frameworks */ = {isa = PBXBuildFile; fileRef = 84145D2218B8A43200F940CF /* CoreLocation.framework */; };
		84145D2818B8AFAA00F940CF /* ItemViewController.m in Sources */ = {isa = PBXBuildFile; fileRef = 84145D2718B8AFAA00F940CF /* ItemViewController.m */; };
		84145D2E18B8BB2F00F940CF /* MyItemDelegate.m in Sources */ = {isa = PBXBuildFile; fileRef = 84145D2D18B8BB2F00F940CF /* MyItemDelegate.m */; };
		84A699FE18C4A0B200777006 /* EditSettingsView.m in Sources */ = {isa = PBXBuildFile; fileRef = 84A699FD18C4A0B200777006 /* EditSettingsView.m */; };
		84A69A0018C4A33200777006 /* countries.plist in Resources */ = {isa = PBXBuildFile; fileRef = 84A699FF18C4A33200777006 /* countries.plist */; };
		84CF0D2118CF0CAC00A2FEB2 /* defaultcol.png in Resources */ = {isa = PBXBuildFile; fileRef = 84CF0D2018CF0CAC00A2FEB2 /* defaultcol.png */; };
		84CF0D2518CF120000A2FEB2 /* color.png in Resources */ = {isa = PBXBuildFile; fileRef = 84CF0D2418CF120000A2FEB2 /* color.png */; };
		84F36D0618D47E7E0078F2A8 /* myDataModel.xcdatamodeld in Sources */ = {isa = PBXBuildFile; fileRef = 84F36D0418D47E7E0078F2A8 /* myDataModel.xcdatamodeld */; };
/* End PBXBuildFile section */

/* Begin PBXContainerItemProxy section */
		77BE15CB18AE03340010B72D /* PBXContainerItemProxy */ = {
			isa = PBXContainerItemProxy;
			containerPortal = 77BE15A318AE03340010B72D /* Project object */;
			proxyType = 1;
			remoteGlobalIDString = 77BE15AA18AE03340010B72D;
			remoteInfo = myList;
		};
/* End PBXContainerItemProxy section */

/* Begin PBXFileReference section */
		7742FB1118B4E66700D041CA /* RecModel.h */ = {isa = PBXFileReference; fileEncoding = 4; lastKnownFileType = sourcecode.c.h; name = RecModel.h; path = Core/Model/RecModel.h; sourceTree = "<group>"; };
		7742FB1218B4E66700D041CA /* RecModel.m */ = {isa = PBXFileReference; fileEncoding = 4; lastKnownFileType = sourcecode.c.objc; name = RecModel.m; path = Core/Model/RecModel.m; sourceTree = "<group>"; };
		7742FB1418B4EC9100D041CA /* RecDetailViewController.h */ = {isa = PBXFileReference; fileEncoding = 4; lastKnownFileType = sourcecode.c.h; name = RecDetailViewController.h; path = Lists/RecDetailViewController.h; sourceTree = "<group>"; };
		7742FB1518B4EC9100D041CA /* RecDetailViewController.m */ = {isa = PBXFileReference; fileEncoding = 4; lastKnownFileType = sourcecode.c.objc; name = RecDetailViewController.m; path = Lists/RecDetailViewController.m; sourceTree = "<group>"; };
		775466B718C71BE10015BD63 /* de */ = {isa = PBXFileReference; lastKnownFileType = text.plist.strings; name = de; path = de.lproj/InfoPlist.strings; sourceTree = "<group>"; };
		775466B818C71BE10015BD63 /* de */ = {isa = PBXFileReference; lastKnownFileType = text.plist.strings; name = de; path = de.lproj/InfoPlist.strings; sourceTree = "<group>"; };
		775466BA18C71BF50015BD63 /* en */ = {isa = PBXFileReference; lastKnownFileType = text.plist.strings; name = en; path = en.lproj/Localizable.strings; sourceTree = "<group>"; };
		775466BD18C71C0F0015BD63 /* de */ = {isa = PBXFileReference; lastKnownFileType = text.plist.strings; name = de; path = de.lproj/Localizable.strings; sourceTree = "<group>"; };
		775466BF18C726540015BD63 /* en */ = {isa = PBXFileReference; lastKnownFileType = image.png; name = en; path = en.lproj/altespapier.png; sourceTree = "<group>"; };
		775466C118C7265A0015BD63 /* de */ = {isa = PBXFileReference; lastKnownFileType = image.png; name = de; path = de.lproj/altespapier.png; sourceTree = "<group>"; };
		775F49EF18E2D39A00B79FEF /* CoreData.framework */ = {isa = PBXFileReference; lastKnownFileType = wrapper.framework; name = CoreData.framework; path = System/Library/Frameworks/CoreData.framework; sourceTree = SDKROOT; };
		775F4A3218E2D6BA00B79FEF /* Items.h */ = {isa = PBXFileReference; fileEncoding = 4; lastKnownFileType = sourcecode.c.h; name = Items.h; path = DB/Model/Items.h; sourceTree = "<group>"; };
		775F4A3318E2D6BA00B79FEF /* Items.m */ = {isa = PBXFileReference; fileEncoding = 4; lastKnownFileType = sourcecode.c.objc; name = Items.m; path = DB/Model/Items.m; sourceTree = "<group>"; };
		775F4A3518E2D6BB00B79FEF /* Lists.h */ = {isa = PBXFileReference; fileEncoding = 4; lastKnownFileType = sourcecode.c.h; name = Lists.h; path = DB/Model/Lists.h; sourceTree = "<group>"; };
		775F4A3618E2D6BB00B79FEF /* Lists.m */ = {isa = PBXFileReference; fileEncoding = 4; lastKnownFileType = sourcecode.c.objc; name = Lists.m; path = DB/Model/Lists.m; sourceTree = "<group>"; };
		775F4A3918E2D7C900B79FEF /* CoreDataManager.h */ = {isa = PBXFileReference; fileEncoding = 4; lastKnownFileType = sourcecode.c.h; name = CoreDataManager.h; path = Manager/CoreDataManager.h; sourceTree = "<group>"; };
		775F4A3A18E2D7C900B79FEF /* CoreDataManager.m */ = {isa = PBXFileReference; fileEncoding = 4; lastKnownFileType = sourcecode.c.objc; name = CoreDataManager.m; path = Manager/CoreDataManager.m; sourceTree = "<group>"; };
		775F4A3C18E2F65F00B79FEF /* Lists+Additions.h */ = {isa = PBXFileReference; fileEncoding = 4; lastKnownFileType = sourcecode.c.h; name = "Lists+Additions.h"; path = "Core/Model/Lists+Additions.h"; sourceTree = "<group>"; };
		775F4A3D18E2F65F00B79FEF /* Lists+Additions.m */ = {isa = PBXFileReference; fileEncoding = 4; lastKnownFileType = sourcecode.c.objc; name = "Lists+Additions.m"; path = "Core/Model/Lists+Additions.m"; sourceTree = "<group>"; };
		77B8300C18D08DA9009CE701 /* libsqlite3.0.dylib */ = {isa = PBXFileReference; lastKnownFileType = "compiled.mach-o.dylib"; name = libsqlite3.0.dylib; path = usr/lib/libsqlite3.0.dylib; sourceTree = SDKROOT; };
		77B8300E18D08E64009CE701 /* DatabaseManager.h */ = {isa = PBXFileReference; fileEncoding = 4; lastKnownFileType = sourcecode.c.h; name = DatabaseManager.h; path = Manager/DatabaseManager.h; sourceTree = "<group>"; };
		77B8300F18D08E64009CE701 /* DatabaseManager.m */ = {isa = PBXFileReference; fileEncoding = 4; lastKnownFileType = sourcecode.c.objc; name = DatabaseManager.m; path = Manager/DatabaseManager.m; sourceTree = "<group>"; };
		77B8301218D09594009CE701 /* myList.db */ = {isa = PBXFileReference; lastKnownFileType = file; name = myList.db; path = DB/myList.db; sourceTree = "<group>"; };
		77BAB0A918C737AE0086DFC7 /* customTextfield.h */ = {isa = PBXFileReference; fileEncoding = 4; lastKnownFileType = sourcecode.c.h; name = customTextfield.h; path = View/customTextfield.h; sourceTree = "<group>"; };
		77BAB0AA18C737AE0086DFC7 /* customTextfield.m */ = {isa = PBXFileReference; fileEncoding = 4; lastKnownFileType = sourcecode.c.objc; name = customTextfield.m; path = View/customTextfield.m; sourceTree = "<group>"; };
		77BAB0AC18C74AB80086DFC7 /* BasePickerView.h */ = {isa = PBXFileReference; fileEncoding = 4; lastKnownFileType = sourcecode.c.h; name = BasePickerView.h; path = View/BasePickerView.h; sourceTree = "<group>"; };
		77BAB0AD18C74AB80086DFC7 /* BasePickerView.m */ = {isa = PBXFileReference; fileEncoding = 4; lastKnownFileType = sourcecode.c.objc; name = BasePickerView.m; path = View/BasePickerView.m; sourceTree = "<group>"; };
		77BE15AB18AE03340010B72D /* myList.app */ = {isa = PBXFileReference; explicitFileType = wrapper.application; includeInIndex = 0; path = myList.app; sourceTree = BUILT_PRODUCTS_DIR; };
		77BE15AE18AE03340010B72D /* Foundation.framework */ = {isa = PBXFileReference; lastKnownFileType = wrapper.framework; name = Foundation.framework; path = System/Library/Frameworks/Foundation.framework; sourceTree = SDKROOT; };
		77BE15B018AE03340010B72D /* CoreGraphics.framework */ = {isa = PBXFileReference; lastKnownFileType = wrapper.framework; name = CoreGraphics.framework; path = System/Library/Frameworks/CoreGraphics.framework; sourceTree = SDKROOT; };
		77BE15B218AE03340010B72D /* UIKit.framework */ = {isa = PBXFileReference; lastKnownFileType = wrapper.framework; name = UIKit.framework; path = System/Library/Frameworks/UIKit.framework; sourceTree = SDKROOT; };
		77BE15B618AE03340010B72D /* myList-Info.plist */ = {isa = PBXFileReference; lastKnownFileType = text.plist.xml; path = "myList-Info.plist"; sourceTree = "<group>"; };
		77BE15B818AE03340010B72D /* en */ = {isa = PBXFileReference; lastKnownFileType = text.plist.strings; name = en; path = en.lproj/InfoPlist.strings; sourceTree = "<group>"; };
		77BE15BA18AE03340010B72D /* main.m */ = {isa = PBXFileReference; lastKnownFileType = sourcecode.c.objc; path = main.m; sourceTree = "<group>"; };
		77BE15BC18AE03340010B72D /* myList-Prefix.pch */ = {isa = PBXFileReference; lastKnownFileType = sourcecode.c.h; path = "myList-Prefix.pch"; sourceTree = "<group>"; };
		77BE15BD18AE03340010B72D /* AppDelegate.h */ = {isa = PBXFileReference; lastKnownFileType = sourcecode.c.h; path = AppDelegate.h; sourceTree = "<group>"; };
		77BE15BE18AE03340010B72D /* AppDelegate.m */ = {isa = PBXFileReference; lastKnownFileType = sourcecode.c.objc; path = AppDelegate.m; sourceTree = "<group>"; };
		77BE15C018AE03340010B72D /* Images.xcassets */ = {isa = PBXFileReference; lastKnownFileType = folder.assetcatalog; path = Images.xcassets; sourceTree = "<group>"; };
		77BE15C618AE03340010B72D /* myListTests.xctest */ = {isa = PBXFileReference; explicitFileType = wrapper.cfbundle; includeInIndex = 0; path = myListTests.xctest; sourceTree = BUILT_PRODUCTS_DIR; };
		77BE15C718AE03340010B72D /* XCTest.framework */ = {isa = PBXFileReference; lastKnownFileType = wrapper.framework; name = XCTest.framework; path = Library/Frameworks/XCTest.framework; sourceTree = DEVELOPER_DIR; };
		77BE15CF18AE03350010B72D /* myListTests-Info.plist */ = {isa = PBXFileReference; lastKnownFileType = text.plist.xml; path = "myListTests-Info.plist"; sourceTree = "<group>"; };
		77BE15D118AE03350010B72D /* en */ = {isa = PBXFileReference; lastKnownFileType = text.plist.strings; name = en; path = en.lproj/InfoPlist.strings; sourceTree = "<group>"; };
		77BE15D318AE03350010B72D /* myListTests.m */ = {isa = PBXFileReference; lastKnownFileType = sourcecode.c.objc; path = myListTests.m; sourceTree = "<group>"; };
		77BE15E318AE128A0010B72D /* BaseListViewController.h */ = {isa = PBXFileReference; fileEncoding = 4; lastKnownFileType = sourcecode.c.h; name = BaseListViewController.h; path = Base/BaseListViewController.h; sourceTree = "<group>"; };
		77BE15E418AE128A0010B72D /* BaseListViewController.m */ = {isa = PBXFileReference; fileEncoding = 4; lastKnownFileType = sourcecode.c.objc; name = BaseListViewController.m; path = Base/BaseListViewController.m; sourceTree = "<group>"; };
		77BE15E618AE12B10010B72D /* MyListViewController.h */ = {isa = PBXFileReference; fileEncoding = 4; lastKnownFileType = sourcecode.c.h; name = MyListViewController.h; path = Lists/MyListViewController.h; sourceTree = "<group>"; };
		77BE15E718AE12B10010B72D /* MyListViewController.m */ = {isa = PBXFileReference; fileEncoding = 4; lastKnownFileType = sourcecode.c.objc; name = MyListViewController.m; path = Lists/MyListViewController.m; sourceTree = "<group>"; };
		77BE15E918AE12D50010B72D /* ListDetailViewController.h */ = {isa = PBXFileReference; fileEncoding = 4; lastKnownFileType = sourcecode.c.h; name = ListDetailViewController.h; path = Lists/ListDetailViewController.h; sourceTree = "<group>"; };
		77BE15EA18AE12D50010B72D /* ListDetailViewController.m */ = {isa = PBXFileReference; fileEncoding = 4; lastKnownFileType = sourcecode.c.objc; name = ListDetailViewController.m; path = Lists/ListDetailViewController.m; sourceTree = "<group>"; };
		77BE15EF18AE22090010B72D /* MyListDelegate.h */ = {isa = PBXFileReference; fileEncoding = 4; lastKnownFileType = sourcecode.c.h; name = MyListDelegate.h; path = Lists/Manager/MyListDelegate.h; sourceTree = "<group>"; };
		77BE15F018AE22090010B72D /* MyListDelegate.m */ = {isa = PBXFileReference; fileEncoding = 4; lastKnownFileType = sourcecode.c.objc; name = MyListDelegate.m; path = Lists/Manager/MyListDelegate.m; sourceTree = "<group>"; };
		77BE15F218AE2D1A0010B72D /* MyRecommendedListDelegate.h */ = {isa = PBXFileReference; fileEncoding = 4; lastKnownFileType = sourcecode.c.h; name = MyRecommendedListDelegate.h; path = Lists/Manager/MyRecommendedListDelegate.h; sourceTree = "<group>"; };
		77BE15F318AE2D1A0010B72D /* MyRecommendedListDelegate.m */ = {isa = PBXFileReference; fileEncoding = 4; lastKnownFileType = sourcecode.c.objc; name = MyRecommendedListDelegate.m; path = Lists/Manager/MyRecommendedListDelegate.m; sourceTree = "<group>"; };
		77BE15F718AE41900010B72D /* TableHeaderView.h */ = {isa = PBXFileReference; fileEncoding = 4; lastKnownFileType = sourcecode.c.h; name = TableHeaderView.h; path = View/TableHeaderView.h; sourceTree = "<group>"; };
		77BE15F818AE41900010B72D /* TableHeaderView.m */ = {isa = PBXFileReference; fileEncoding = 4; lastKnownFileType = sourcecode.c.objc; name = TableHeaderView.m; path = View/TableHeaderView.m; sourceTree = "<group>"; };
		77BE15FA18AE50AD0010B72D /* ListModel.h */ = {isa = PBXFileReference; fileEncoding = 4; lastKnownFileType = sourcecode.c.h; name = ListModel.h; path = Core/Model/ListModel.h; sourceTree = "<group>"; };
		77BE15FB18AE50AD0010B72D /* ListModel.m */ = {isa = PBXFileReference; fileEncoding = 4; lastKnownFileType = sourcecode.c.objc; name = ListModel.m; path = Core/Model/ListModel.m; sourceTree = "<group>"; };
		77BE15FD18AE50D60010B72D /* ItemModel.h */ = {isa = PBXFileReference; fileEncoding = 4; lastKnownFileType = sourcecode.c.h; name = ItemModel.h; path = Core/Model/ItemModel.h; sourceTree = "<group>"; };
		77BE15FE18AE50D60010B72D /* ItemModel.m */ = {isa = PBXFileReference; fileEncoding = 4; lastKnownFileType = sourcecode.c.objc; name = ItemModel.m; path = Core/Model/ItemModel.m; sourceTree = "<group>"; };
		77BE160018AE50EF0010B72D /* LocationModel.h */ = {isa = PBXFileReference; fileEncoding = 4; lastKnownFileType = sourcecode.c.h; name = LocationModel.h; path = Core/Model/LocationModel.h; sourceTree = "<group>"; };
		77BE160118AE50EF0010B72D /* LocationModel.m */ = {isa = PBXFileReference; fileEncoding = 4; lastKnownFileType = sourcecode.c.objc; name = LocationModel.m; path = Core/Model/LocationModel.m; sourceTree = "<group>"; };
		77BE160318AE5D230010B72D /* DataSourceManager.h */ = {isa = PBXFileReference; fileEncoding = 4; lastKnownFileType = sourcecode.c.h; name = DataSourceManager.h; path = Manager/DataSourceManager.h; sourceTree = "<group>"; };
		77BE160418AE5D230010B72D /* DataSourceManager.m */ = {isa = PBXFileReference; fileEncoding = 4; lastKnownFileType = sourcecode.c.objc; name = DataSourceManager.m; path = Manager/DataSourceManager.m; sourceTree = "<group>"; };
		77C8C08518BE294800D1293E /* EditViewController.h */ = {isa = PBXFileReference; fileEncoding = 4; lastKnownFileType = sourcecode.c.h; name = EditViewController.h; path = Lists/EditViewController.h; sourceTree = "<group>"; };
		77C8C08618BE294800D1293E /* EditViewController.m */ = {isa = PBXFileReference; fileEncoding = 4; lastKnownFileType = sourcecode.c.objc; name = EditViewController.m; path = Lists/EditViewController.m; sourceTree = "<group>"; };
		77C8C08918BE39F000D1293E /* EditMetaDataView.h */ = {isa = PBXFileReference; fileEncoding = 4; lastKnownFileType = sourcecode.c.h; name = EditMetaDataView.h; path = Lists/View/EditMetaDataView.h; sourceTree = "<group>"; };
		77C8C08A18BE39F000D1293E /* EditMetaDataView.m */ = {isa = PBXFileReference; fileEncoding = 4; lastKnownFileType = sourcecode.c.objc; name = EditMetaDataView.m; path = Lists/View/EditMetaDataView.m; sourceTree = "<group>"; };
		77C8C08C18BE3D0700D1293E /* QuartzCore.framework */ = {isa = PBXFileReference; lastKnownFileType = wrapper.framework; name = QuartzCore.framework; path = System/Library/Frameworks/QuartzCore.framework; sourceTree = SDKROOT; };
		84145D2018B8A41E00F940CF /* MapKit.framework */ = {isa = PBXFileReference; lastKnownFileType = wrapper.framework; name = MapKit.framework; path = System/Library/Frameworks/MapKit.framework; sourceTree = SDKROOT; };
		84145D2218B8A43200F940CF /* CoreLocation.framework */ = {isa = PBXFileReference; lastKnownFileType = wrapper.framework; name = CoreLocation.framework; path = System/Library/Frameworks/CoreLocation.framework; sourceTree = SDKROOT; };
		84145D2618B8AFAA00F940CF /* ItemViewController.h */ = {isa = PBXFileReference; fileEncoding = 4; lastKnownFileType = sourcecode.c.h; name = ItemViewController.h; path = Lists/ItemViewController.h; sourceTree = "<group>"; };
		84145D2718B8AFAA00F940CF /* ItemViewController.m */ = {isa = PBXFileReference; fileEncoding = 4; lastKnownFileType = sourcecode.c.objc; name = ItemViewController.m; path = Lists/ItemViewController.m; sourceTree = "<group>"; };
		84145D2C18B8BB2F00F940CF /* MyItemDelegate.h */ = {isa = PBXFileReference; fileEncoding = 4; lastKnownFileType = sourcecode.c.h; name = MyItemDelegate.h; path = Lists/Manager/MyItemDelegate.h; sourceTree = "<group>"; };
		84145D2D18B8BB2F00F940CF /* MyItemDelegate.m */ = {isa = PBXFileReference; fileEncoding = 4; lastKnownFileType = sourcecode.c.objc; name = MyItemDelegate.m; path = Lists/Manager/MyItemDelegate.m; sourceTree = "<group>"; };
		84A699FC18C4A0B200777006 /* EditSettingsView.h */ = {isa = PBXFileReference; fileEncoding = 4; lastKnownFileType = sourcecode.c.h; name = EditSettingsView.h; path = Lists/View/EditSettingsView.h; sourceTree = "<group>"; };
		84A699FD18C4A0B200777006 /* EditSettingsView.m */ = {isa = PBXFileReference; fileEncoding = 4; lastKnownFileType = sourcecode.c.objc; name = EditSettingsView.m; path = Lists/View/EditSettingsView.m; sourceTree = "<group>"; };
		84A699FF18C4A33200777006 /* countries.plist */ = {isa = PBXFileReference; fileEncoding = 4; lastKnownFileType = text.plist.xml; path = countries.plist; sourceTree = "<group>"; };
		84CF0D2018CF0CAC00A2FEB2 /* defaultcol.png */ = {isa = PBXFileReference; lastKnownFileType = image.png; path = defaultcol.png; sourceTree = "<group>"; };
		84CF0D2418CF120000A2FEB2 /* color.png */ = {isa = PBXFileReference; lastKnownFileType = image.png; path = color.png; sourceTree = "<group>"; };
		84F36D0518D47E7E0078F2A8 /* myDataModel.xcdatamodel */ = {isa = PBXFileReference; lastKnownFileType = wrapper.xcdatamodel; path = myDataModel.xcdatamodel; sourceTree = "<group>"; };
/* End PBXFileReference section */

/* Begin PBXFrameworksBuildPhase section */
		77BE15A818AE03340010B72D /* Frameworks */ = {
			isa = PBXFrameworksBuildPhase;
			buildActionMask = 2147483647;
			files = (
				775F49F018E2D39A00B79FEF /* CoreData.framework in Frameworks */,
				77B8300D18D08DA9009CE701 /* libsqlite3.0.dylib in Frameworks */,
				77C8C08D18BE3D0700D1293E /* QuartzCore.framework in Frameworks */,
				84145D2318B8A43200F940CF /* CoreLocation.framework in Frameworks */,
				84145D2118B8A41E00F940CF /* MapKit.framework in Frameworks */,
				77BE15B118AE03340010B72D /* CoreGraphics.framework in Frameworks */,
				77BE15B318AE03340010B72D /* UIKit.framework in Frameworks */,
				77BE15AF18AE03340010B72D /* Foundation.framework in Frameworks */,
			);
			runOnlyForDeploymentPostprocessing = 0;
		};
		77BE15C318AE03340010B72D /* Frameworks */ = {
			isa = PBXFrameworksBuildPhase;
			buildActionMask = 2147483647;
			files = (
				77BE15C818AE03340010B72D /* XCTest.framework in Frameworks */,
				77BE15CA18AE03340010B72D /* UIKit.framework in Frameworks */,
				77BE15C918AE03340010B72D /* Foundation.framework in Frameworks */,
			);
			runOnlyForDeploymentPostprocessing = 0;
		};
/* End PBXFrameworksBuildPhase section */

/* Begin PBXGroup section */
		775F4A3818E2D6C700B79FEF /* Model */ = {
			isa = PBXGroup;
			children = (
				775F4A3518E2D6BB00B79FEF /* Lists.h */,
				775F4A3618E2D6BB00B79FEF /* Lists.m */,
				775F4A3218E2D6BA00B79FEF /* Items.h */,
				775F4A3318E2D6BA00B79FEF /* Items.m */,
				775F4A3C18E2F65F00B79FEF /* Lists+Additions.h */,
				775F4A3D18E2F65F00B79FEF /* Lists+Additions.m */,
			);
			name = Model;
			sourceTree = "<group>";
		};
		77B8301118D09579009CE701 /* DB */ = {
			isa = PBXGroup;
			children = (
				775F4A3818E2D6C700B79FEF /* Model */,
				77B8301218D09594009CE701 /* myList.db */,
				84F36D0418D47E7E0078F2A8 /* myDataModel.xcdatamodeld */,
			);
			name = DB;
			sourceTree = "<group>";
		};
		77BE15A218AE03340010B72D = {
			isa = PBXGroup;
			children = (
				77BE15B418AE03340010B72D /* myList */,
				77BE15CD18AE03340010B72D /* myListTests */,
				77BE15AD18AE03340010B72D /* Frameworks */,
				77BE15AC18AE03340010B72D /* Products */,
			);
			sourceTree = "<group>";
		};
		77BE15AC18AE03340010B72D /* Products */ = {
			isa = PBXGroup;
			children = (
				77BE15AB18AE03340010B72D /* myList.app */,
				77BE15C618AE03340010B72D /* myListTests.xctest */,
			);
			name = Products;
			sourceTree = "<group>";
		};
		77BE15AD18AE03340010B72D /* Frameworks */ = {
			isa = PBXGroup;
			children = (
				775F49EF18E2D39A00B79FEF /* CoreData.framework */,
				77B8300C18D08DA9009CE701 /* libsqlite3.0.dylib */,
				77C8C08C18BE3D0700D1293E /* QuartzCore.framework */,
				84145D2218B8A43200F940CF /* CoreLocation.framework */,
				84145D2018B8A41E00F940CF /* MapKit.framework */,
				77BE15AE18AE03340010B72D /* Foundation.framework */,
				77BE15B018AE03340010B72D /* CoreGraphics.framework */,
				77BE15B218AE03340010B72D /* UIKit.framework */,
				77BE15C718AE03340010B72D /* XCTest.framework */,
			);
			name = Frameworks;
			sourceTree = "<group>";
		};
		77BE15B418AE03340010B72D /* myList */ = {
			isa = PBXGroup;
			children = (
				77B8301118D09579009CE701 /* DB */,
				84145D1F18B893F300F940CF /* images */,
				77BE15E218AE12460010B72D /* Base */,
				77BE15E118AE10F90010B72D /* Lists */,
				77BE15DE18AE10550010B72D /* Core */,
				77BE15DD18AE103D0010B72D /* Main */,
				77BE15C018AE03340010B72D /* Images.xcassets */,
				77BE15B518AE03340010B72D /* Supporting Files */,
			);
			path = myList;
			sourceTree = "<group>";
		};
		77BE15B518AE03340010B72D /* Supporting Files */ = {
			isa = PBXGroup;
			children = (
				77BE15B618AE03340010B72D /* myList-Info.plist */,
				84A699FF18C4A33200777006 /* countries.plist */,
				77BE15B718AE03340010B72D /* InfoPlist.strings */,
				77BE15BA18AE03340010B72D /* main.m */,
				77BE15BC18AE03340010B72D /* myList-Prefix.pch */,
				775466BB18C71BF50015BD63 /* Localizable.strings */,
			);
			name = "Supporting Files";
			sourceTree = "<group>";
		};
		77BE15CD18AE03340010B72D /* myListTests */ = {
			isa = PBXGroup;
			children = (
				77BE15D318AE03350010B72D /* myListTests.m */,
				77BE15CE18AE03350010B72D /* Supporting Files */,
			);
			path = myListTests;
			sourceTree = "<group>";
		};
		77BE15CE18AE03350010B72D /* Supporting Files */ = {
			isa = PBXGroup;
			children = (
				77BE15CF18AE03350010B72D /* myListTests-Info.plist */,
				77BE15D018AE03350010B72D /* InfoPlist.strings */,
			);
			name = "Supporting Files";
			sourceTree = "<group>";
		};
		77BE15DD18AE103D0010B72D /* Main */ = {
			isa = PBXGroup;
			children = (
				77BE15BD18AE03340010B72D /* AppDelegate.h */,
				77BE15BE18AE03340010B72D /* AppDelegate.m */,
			);
			name = Main;
			sourceTree = "<group>";
		};
		77BE15DE18AE10550010B72D /* Core */ = {
			isa = PBXGroup;
			children = (
				77BE15E018AE10970010B72D /* Manager */,
				77BE15DF18AE108E0010B72D /* Model */,
			);
			name = Core;
			sourceTree = "<group>";
		};
		77BE15DF18AE108E0010B72D /* Model */ = {
			isa = PBXGroup;
			children = (
				77BE15FA18AE50AD0010B72D /* ListModel.h */,
				77BE15FB18AE50AD0010B72D /* ListModel.m */,
				77BE15FD18AE50D60010B72D /* ItemModel.h */,
				77BE15FE18AE50D60010B72D /* ItemModel.m */,
				77BE160018AE50EF0010B72D /* LocationModel.h */,
				77BE160118AE50EF0010B72D /* LocationModel.m */,
				7742FB1118B4E66700D041CA /* RecModel.h */,
				7742FB1218B4E66700D041CA /* RecModel.m */,
			);
			name = Model;
			sourceTree = "<group>";
		};
		77BE15E018AE10970010B72D /* Manager */ = {
			isa = PBXGroup;
			children = (
				77BE160318AE5D230010B72D /* DataSourceManager.h */,
				77BE160418AE5D230010B72D /* DataSourceManager.m */,
				77B8300E18D08E64009CE701 /* DatabaseManager.h */,
				77B8300F18D08E64009CE701 /* DatabaseManager.m */,
				775F4A3918E2D7C900B79FEF /* CoreDataManager.h */,
				775F4A3A18E2D7C900B79FEF /* CoreDataManager.m */,
			);
			name = Manager;
			sourceTree = "<group>";
		};
		77BE15E118AE10F90010B72D /* Lists */ = {
			isa = PBXGroup;
			children = (
				77C8C08818BE398800D1293E /* View */,
				77BE15EE18AE21CF0010B72D /* Manager */,
				77BE15E618AE12B10010B72D /* MyListViewController.h */,
				77BE15E718AE12B10010B72D /* MyListViewController.m */,
				77C8C08518BE294800D1293E /* EditViewController.h */,
				77C8C08618BE294800D1293E /* EditViewController.m */,
				77BE15E918AE12D50010B72D /* ListDetailViewController.h */,
				77BE15EA18AE12D50010B72D /* ListDetailViewController.m */,
				84145D2618B8AFAA00F940CF /* ItemViewController.h */,
				84145D2718B8AFAA00F940CF /* ItemViewController.m */,
				7742FB1418B4EC9100D041CA /* RecDetailViewController.h */,
				7742FB1518B4EC9100D041CA /* RecDetailViewController.m */,
			);
			name = Lists;
			sourceTree = "<group>";
		};
		77BE15E218AE12460010B72D /* Base */ = {
			isa = PBXGroup;
			children = (
				77BE15ED18AE1FF80010B72D /* ViewController */,
				77BE15EC18AE1FDE0010B72D /* View */,
			);
			name = Base;
			sourceTree = "<group>";
		};
		77BE15EC18AE1FDE0010B72D /* View */ = {
			isa = PBXGroup;
			children = (
				77BE15F718AE41900010B72D /* TableHeaderView.h */,
				77BE15F818AE41900010B72D /* TableHeaderView.m */,
				77BAB0A918C737AE0086DFC7 /* customTextfield.h */,
				77BAB0AA18C737AE0086DFC7 /* customTextfield.m */,
				77BAB0AC18C74AB80086DFC7 /* BasePickerView.h */,
				77BAB0AD18C74AB80086DFC7 /* BasePickerView.m */,
			);
			name = View;
			sourceTree = "<group>";
		};
		77BE15ED18AE1FF80010B72D /* ViewController */ = {
			isa = PBXGroup;
			children = (
				77BE15E318AE128A0010B72D /* BaseListViewController.h */,
				77BE15E418AE128A0010B72D /* BaseListViewController.m */,
			);
			name = ViewController;
			sourceTree = "<group>";
		};
		77BE15EE18AE21CF0010B72D /* Manager */ = {
			isa = PBXGroup;
			children = (
				77BE15EF18AE22090010B72D /* MyListDelegate.h */,
				77BE15F018AE22090010B72D /* MyListDelegate.m */,
				77BE15F218AE2D1A0010B72D /* MyRecommendedListDelegate.h */,
				77BE15F318AE2D1A0010B72D /* MyRecommendedListDelegate.m */,
				84145D2C18B8BB2F00F940CF /* MyItemDelegate.h */,
				84145D2D18B8BB2F00F940CF /* MyItemDelegate.m */,
			);
			name = Manager;
			sourceTree = "<group>";
		};
		77C8C08818BE398800D1293E /* View */ = {
			isa = PBXGroup;
			children = (
				77C8C08918BE39F000D1293E /* EditMetaDataView.h */,
				77C8C08A18BE39F000D1293E /* EditMetaDataView.m */,
				84A699FC18C4A0B200777006 /* EditSettingsView.h */,
				84A699FD18C4A0B200777006 /* EditSettingsView.m */,
			);
			name = View;
			sourceTree = "<group>";
		};
		84145D1F18B893F300F940CF /* images */ = {
			isa = PBXGroup;
			children = (
				84CF0D2418CF120000A2FEB2 /* color.png */,
				84CF0D2018CF0CAC00A2FEB2 /* defaultcol.png */,
				775466C018C726540015BD63 /* altespapier.png */,
			);
			name = images;
			sourceTree = "<group>";
		};
/* End PBXGroup section */

/* Begin PBXNativeTarget section */
		77BE15AA18AE03340010B72D /* myList */ = {
			isa = PBXNativeTarget;
			buildConfigurationList = 77BE15D718AE03350010B72D /* Build configuration list for PBXNativeTarget "myList" */;
			buildPhases = (
				77BE15A718AE03340010B72D /* Sources */,
				77BE15A818AE03340010B72D /* Frameworks */,
				77BE15A918AE03340010B72D /* Resources */,
			);
			buildRules = (
			);
			dependencies = (
			);
			name = myList;
			productName = myList;
			productReference = 77BE15AB18AE03340010B72D /* myList.app */;
			productType = "com.apple.product-type.application";
		};
		77BE15C518AE03340010B72D /* myListTests */ = {
			isa = PBXNativeTarget;
			buildConfigurationList = 77BE15DA18AE03350010B72D /* Build configuration list for PBXNativeTarget "myListTests" */;
			buildPhases = (
				77BE15C218AE03340010B72D /* Sources */,
				77BE15C318AE03340010B72D /* Frameworks */,
				77BE15C418AE03340010B72D /* Resources */,
			);
			buildRules = (
			);
			dependencies = (
				77BE15CC18AE03340010B72D /* PBXTargetDependency */,
			);
			name = myListTests;
			productName = myListTests;
			productReference = 77BE15C618AE03340010B72D /* myListTests.xctest */;
			productType = "com.apple.product-type.bundle.unit-test";
		};
/* End PBXNativeTarget section */

/* Begin PBXProject section */
		77BE15A318AE03340010B72D /* Project object */ = {
			isa = PBXProject;
			attributes = {
				LastUpgradeCheck = 0510;
				ORGANIZATIONNAME = "Frank Regel";
				TargetAttributes = {
					77BE15C518AE03340010B72D = {
						TestTargetID = 77BE15AA18AE03340010B72D;
					};
				};
			};
			buildConfigurationList = 77BE15A618AE03340010B72D /* Build configuration list for PBXProject "myList" */;
			compatibilityVersion = "Xcode 3.2";
			developmentRegion = English;
			hasScannedForEncodings = 0;
			knownRegions = (
				en,
				de,
			);
			mainGroup = 77BE15A218AE03340010B72D;
			productRefGroup = 77BE15AC18AE03340010B72D /* Products */;
			projectDirPath = "";
			projectRoot = "";
			targets = (
				77BE15AA18AE03340010B72D /* myList */,
				77BE15C518AE03340010B72D /* myListTests */,
			);
		};
/* End PBXProject section */

/* Begin PBXResourcesBuildPhase section */
		77BE15A918AE03340010B72D /* Resources */ = {
			isa = PBXResourcesBuildPhase;
			buildActionMask = 2147483647;
			files = (
				84CF0D2518CF120000A2FEB2 /* color.png in Resources */,
				84CF0D2118CF0CAC00A2FEB2 /* defaultcol.png in Resources */,
				775466B918C71BF50015BD63 /* Localizable.strings in Resources */,
				775466BE18C726540015BD63 /* altespapier.png in Resources */,
				84A69A0018C4A33200777006 /* countries.plist in Resources */,
				77BE15B918AE03340010B72D /* InfoPlist.strings in Resources */,
				77BE15C118AE03340010B72D /* Images.xcassets in Resources */,
				77B8301318D09594009CE701 /* myList.db in Resources */,
			);
			runOnlyForDeploymentPostprocessing = 0;
		};
		77BE15C418AE03340010B72D /* Resources */ = {
			isa = PBXResourcesBuildPhase;
			buildActionMask = 2147483647;
			files = (
				77BE15D218AE03350010B72D /* InfoPlist.strings in Resources */,
			);
			runOnlyForDeploymentPostprocessing = 0;
		};
/* End PBXResourcesBuildPhase section */

/* Begin PBXSourcesBuildPhase section */
		77BE15A718AE03340010B72D /* Sources */ = {
			isa = PBXSourcesBuildPhase;
			buildActionMask = 2147483647;
			files = (
				77BAB0AE18C74AB80086DFC7 /* BasePickerView.m in Sources */,
				7742FB1618B4EC9100D041CA /* RecDetailViewController.m in Sources */,
				77BE15F918AE41900010B72D /* TableHeaderView.m in Sources */,
				7742FB1318B4E66700D041CA /* RecModel.m in Sources */,
				77BE15BF18AE03340010B72D /* AppDelegate.m in Sources */,
				775F4A3E18E2F65F00B79FEF /* Lists+Additions.m in Sources */,
				77BE15F418AE2D1A0010B72D /* MyRecommendedListDelegate.m in Sources */,
				77BE15E518AE128A0010B72D /* BaseListViewController.m in Sources */,
				775F4A3718E2D6BB00B79FEF /* Lists.m in Sources */,
				84F36D0618D47E7E0078F2A8 /* myDataModel.xcdatamodeld in Sources */,
				77BE15E818AE12B10010B72D /* MyListViewController.m in Sources */,
				77B8301018D08E64009CE701 /* DatabaseManager.m in Sources */,
				84145D2818B8AFAA00F940CF /* ItemViewController.m in Sources */,
				77BE15EB18AE12D50010B72D /* ListDetailViewController.m in Sources */,
				775F4A3418E2D6BA00B79FEF /* Items.m in Sources */,
				775F4A3B18E2D7C900B79FEF /* CoreDataManager.m in Sources */,
				77BE15FF18AE50D60010B72D /* ItemModel.m in Sources */,
				77BE15FC18AE50AD0010B72D /* ListModel.m in Sources */,
				77C8C08B18BE39F000D1293E /* EditMetaDataView.m in Sources */,
				77BAB0AB18C737AE0086DFC7 /* customTextfield.m in Sources */,
				77C8C08718BE294800D1293E /* EditViewController.m in Sources */,
				84145D2E18B8BB2F00F940CF /* MyItemDelegate.m in Sources */,
				77BE160518AE5D230010B72D /* DataSourceManager.m in Sources */,
				77BE15F118AE22090010B72D /* MyListDelegate.m in Sources */,
				77BE15BB18AE03340010B72D /* main.m in Sources */,
				84A699FE18C4A0B200777006 /* EditSettingsView.m in Sources */,
				77BE160218AE50EF0010B72D /* LocationModel.m in Sources */,
			);
			runOnlyForDeploymentPostprocessing = 0;
		};
		77BE15C218AE03340010B72D /* Sources */ = {
			isa = PBXSourcesBuildPhase;
			buildActionMask = 2147483647;
			files = (
				77BE15D418AE03350010B72D /* myListTests.m in Sources */,
			);
			runOnlyForDeploymentPostprocessing = 0;
		};
/* End PBXSourcesBuildPhase section */

/* Begin PBXTargetDependency section */
		77BE15CC18AE03340010B72D /* PBXTargetDependency */ = {
			isa = PBXTargetDependency;
			target = 77BE15AA18AE03340010B72D /* myList */;
			targetProxy = 77BE15CB18AE03340010B72D /* PBXContainerItemProxy */;
		};
/* End PBXTargetDependency section */

/* Begin PBXVariantGroup section */
		775466BB18C71BF50015BD63 /* Localizable.strings */ = {
			isa = PBXVariantGroup;
			children = (
				775466BA18C71BF50015BD63 /* en */,
				775466BD18C71C0F0015BD63 /* de */,
			);
			name = Localizable.strings;
			sourceTree = "<group>";
		};
		775466C018C726540015BD63 /* altespapier.png */ = {
			isa = PBXVariantGroup;
			children = (
				775466BF18C726540015BD63 /* en */,
				775466C118C7265A0015BD63 /* de */,
			);
			name = altespapier.png;
			sourceTree = "<group>";
		};
		77BE15B718AE03340010B72D /* InfoPlist.strings */ = {
			isa = PBXVariantGroup;
			children = (
				77BE15B818AE03340010B72D /* en */,
				775466B718C71BE10015BD63 /* de */,
			);
			name = InfoPlist.strings;
			sourceTree = "<group>";
		};
		77BE15D018AE03350010B72D /* InfoPlist.strings */ = {
			isa = PBXVariantGroup;
			children = (
				77BE15D118AE03350010B72D /* en */,
				775466B818C71BE10015BD63 /* de */,
			);
			name = InfoPlist.strings;
			sourceTree = "<group>";
		};
/* End PBXVariantGroup section */

/* Begin XCBuildConfiguration section */
		77BE15D518AE03350010B72D /* Debug */ = {
			isa = XCBuildConfiguration;
			buildSettings = {
				ALWAYS_SEARCH_USER_PATHS = NO;
				CLANG_CXX_LANGUAGE_STANDARD = "gnu++0x";
				CLANG_CXX_LIBRARY = "libc++";
				CLANG_ENABLE_MODULES = YES;
				CLANG_ENABLE_OBJC_ARC = YES;
				CLANG_WARN_BOOL_CONVERSION = YES;
				CLANG_WARN_CONSTANT_CONVERSION = YES;
				CLANG_WARN_DIRECT_OBJC_ISA_USAGE = YES_ERROR;
				CLANG_WARN_EMPTY_BODY = YES;
				CLANG_WARN_ENUM_CONVERSION = YES;
				CLANG_WARN_INT_CONVERSION = YES;
				CLANG_WARN_OBJC_ROOT_CLASS = YES_ERROR;
				CLANG_WARN__DUPLICATE_METHOD_MATCH = YES;
				"CODE_SIGN_IDENTITY[sdk=iphoneos*]" = "iPhone Developer";
				COPY_PHASE_STRIP = NO;
				GCC_C_LANGUAGE_STANDARD = gnu99;
				GCC_DYNAMIC_NO_PIC = NO;
				GCC_OPTIMIZATION_LEVEL = 0;
				GCC_PREPROCESSOR_DEFINITIONS = (
					"DEBUG=1",
					"$(inherited)",
				);
				GCC_SYMBOLS_PRIVATE_EXTERN = NO;
				GCC_WARN_64_TO_32_BIT_CONVERSION = YES;
				GCC_WARN_ABOUT_RETURN_TYPE = YES_ERROR;
				GCC_WARN_UNDECLARED_SELECTOR = YES;
				GCC_WARN_UNINITIALIZED_AUTOS = YES;
				GCC_WARN_UNUSED_FUNCTION = YES;
				GCC_WARN_UNUSED_VARIABLE = YES;
				IPHONEOS_DEPLOYMENT_TARGET = 7.0;
				ONLY_ACTIVE_ARCH = YES;
				SDKROOT = iphoneos;
			};
			name = Debug;
		};
		77BE15D618AE03350010B72D /* Release */ = {
			isa = XCBuildConfiguration;
			buildSettings = {
				ALWAYS_SEARCH_USER_PATHS = NO;
				CLANG_CXX_LANGUAGE_STANDARD = "gnu++0x";
				CLANG_CXX_LIBRARY = "libc++";
				CLANG_ENABLE_MODULES = YES;
				CLANG_ENABLE_OBJC_ARC = YES;
				CLANG_WARN_BOOL_CONVERSION = YES;
				CLANG_WARN_CONSTANT_CONVERSION = YES;
				CLANG_WARN_DIRECT_OBJC_ISA_USAGE = YES_ERROR;
				CLANG_WARN_EMPTY_BODY = YES;
				CLANG_WARN_ENUM_CONVERSION = YES;
				CLANG_WARN_INT_CONVERSION = YES;
				CLANG_WARN_OBJC_ROOT_CLASS = YES_ERROR;
				CLANG_WARN__DUPLICATE_METHOD_MATCH = YES;
				"CODE_SIGN_IDENTITY[sdk=iphoneos*]" = "iPhone Developer";
				COPY_PHASE_STRIP = YES;
				ENABLE_NS_ASSERTIONS = NO;
				GCC_C_LANGUAGE_STANDARD = gnu99;
				GCC_WARN_64_TO_32_BIT_CONVERSION = YES;
				GCC_WARN_ABOUT_RETURN_TYPE = YES_ERROR;
				GCC_WARN_UNDECLARED_SELECTOR = YES;
				GCC_WARN_UNINITIALIZED_AUTOS = YES;
				GCC_WARN_UNUSED_FUNCTION = YES;
				GCC_WARN_UNUSED_VARIABLE = YES;
				IPHONEOS_DEPLOYMENT_TARGET = 7.0;
				SDKROOT = iphoneos;
				VALIDATE_PRODUCT = YES;
			};
			name = Release;
		};
		77BE15D818AE03350010B72D /* Debug */ = {
			isa = XCBuildConfiguration;
			buildSettings = {
				ASSETCATALOG_COMPILER_APPICON_NAME = AppIcon;
				ASSETCATALOG_COMPILER_LAUNCHIMAGE_NAME = LaunchImage;
				GCC_PRECOMPILE_PREFIX_HEADER = YES;
				GCC_PREFIX_HEADER = "myList/myList-Prefix.pch";
				INFOPLIST_FILE = "myList/myList-Info.plist";
				PRODUCT_NAME = "$(TARGET_NAME)";
				WRAPPER_EXTENSION = app;
			};
			name = Debug;
		};
		77BE15D918AE03350010B72D /* Release */ = {
			isa = XCBuildConfiguration;
			buildSettings = {
				ASSETCATALOG_COMPILER_APPICON_NAME = AppIcon;
				ASSETCATALOG_COMPILER_LAUNCHIMAGE_NAME = LaunchImage;
				GCC_PRECOMPILE_PREFIX_HEADER = YES;
				GCC_PREFIX_HEADER = "myList/myList-Prefix.pch";
				INFOPLIST_FILE = "myList/myList-Info.plist";
				PRODUCT_NAME = "$(TARGET_NAME)";
				WRAPPER_EXTENSION = app;
			};
			name = Release;
		};
		77BE15DB18AE03350010B72D /* Debug */ = {
			isa = XCBuildConfiguration;
			buildSettings = {
				BUNDLE_LOADER = "$(BUILT_PRODUCTS_DIR)/myList.app/myList";
				FRAMEWORK_SEARCH_PATHS = (
					"$(SDKROOT)/Developer/Library/Frameworks",
					"$(inherited)",
					"$(DEVELOPER_FRAMEWORKS_DIR)",
				);
				GCC_PRECOMPILE_PREFIX_HEADER = YES;
				GCC_PREFIX_HEADER = "myList/myList-Prefix.pch";
				GCC_PREPROCESSOR_DEFINITIONS = (
					"DEBUG=1",
					"$(inherited)",
				);
				INFOPLIST_FILE = "myListTests/myListTests-Info.plist";
				PRODUCT_NAME = "$(TARGET_NAME)";
				TEST_HOST = "$(BUNDLE_LOADER)";
				WRAPPER_EXTENSION = xctest;
			};
			name = Debug;
		};
		77BE15DC18AE03350010B72D /* Release */ = {
			isa = XCBuildConfiguration;
			buildSettings = {
				BUNDLE_LOADER = "$(BUILT_PRODUCTS_DIR)/myList.app/myList";
				FRAMEWORK_SEARCH_PATHS = (
					"$(SDKROOT)/Developer/Library/Frameworks",
					"$(inherited)",
					"$(DEVELOPER_FRAMEWORKS_DIR)",
				);
				GCC_PRECOMPILE_PREFIX_HEADER = YES;
				GCC_PREFIX_HEADER = "myList/myList-Prefix.pch";
				INFOPLIST_FILE = "myListTests/myListTests-Info.plist";
				PRODUCT_NAME = "$(TARGET_NAME)";
				TEST_HOST = "$(BUNDLE_LOADER)";
				WRAPPER_EXTENSION = xctest;
			};
			name = Release;
		};
/* End XCBuildConfiguration section */

/* Begin XCConfigurationList section */
		77BE15A618AE03340010B72D /* Build configuration list for PBXProject "myList" */ = {
			isa = XCConfigurationList;
			buildConfigurations = (
				77BE15D518AE03350010B72D /* Debug */,
				77BE15D618AE03350010B72D /* Release */,
			);
			defaultConfigurationIsVisible = 0;
			defaultConfigurationName = Release;
		};
		77BE15D718AE03350010B72D /* Build configuration list for PBXNativeTarget "myList" */ = {
			isa = XCConfigurationList;
			buildConfigurations = (
				77BE15D818AE03350010B72D /* Debug */,
				77BE15D918AE03350010B72D /* Release */,
			);
			defaultConfigurationIsVisible = 0;
			defaultConfigurationName = Release;
		};
		77BE15DA18AE03350010B72D /* Build configuration list for PBXNativeTarget "myListTests" */ = {
			isa = XCConfigurationList;
			buildConfigurations = (
				77BE15DB18AE03350010B72D /* Debug */,
				77BE15DC18AE03350010B72D /* Release */,
			);
			defaultConfigurationIsVisible = 0;
			defaultConfigurationName = Release;
		};
/* End XCConfigurationList section */

/* Begin XCVersionGroup section */
		84F36D0418D47E7E0078F2A8 /* myDataModel.xcdatamodeld */ = {
			isa = XCVersionGroup;
			children = (
				84F36D0518D47E7E0078F2A8 /* myDataModel.xcdatamodel */,
			);
			currentVersion = 84F36D0518D47E7E0078F2A8 /* myDataModel.xcdatamodel */;
			name = myDataModel.xcdatamodeld;
			path = DB/myDataModel.xcdatamodeld;
			sourceTree = "<group>";
			versionGroupType = wrapper.xcdatamodel;
		};
/* End XCVersionGroup section */
	};
	rootObject = 77BE15A318AE03340010B72D /* Project object */;
}
